// !$*UTF8*$!
{
	archiveVersion = 1;
	classes = {
	};
	objectVersion = 77;
	objects = {

/* Begin PBXBuildFile section */
		1D8C5A2462631A368F685064 /* GAMELIFEWatchApp.swift in Sources */ = {isa = PBXBuildFile; fileRef = 166D49849B9201D2A5F8778A /* GAMELIFEWatchApp.swift */; };
		2B2F3153CB0325C96EA60A0B /* WatchSessionStore.swift in Sources */ = {isa = PBXBuildFile; fileRef = 7A9B8E40ABBAB0723F9384FC /* WatchSessionStore.swift */; };
		A10100012F40000100AAA001 /* GAMELIFEMonitor.appex in Embed App Extensions */ = {isa = PBXBuildFile; fileRef = A10100042F40000100AAA001 /* GAMELIFEMonitor.appex */; settings = {ATTRIBUTES = (RemoveHeadersOnCopy, ); }; };
		AB1695F05151FB17AFE37D97 /* GAMELIFEWatch.app in Embed Watch Content */ = {isa = PBXBuildFile; fileRef = 4554B4F3748B7C63FA977123 /* GAMELIFEWatch.app */; };
		EF76F2E616344C50124C36EA /* WatchHomeView.swift in Sources */ = {isa = PBXBuildFile; fileRef = 64706157F1BF5F3F4DD49D82 /* WatchHomeView.swift */; };
		FF6ECCE8BFD4117330522751 /* GAMELIFEWatchExtension.appex in Embed App Extensions */ = {isa = PBXBuildFile; fileRef = 2C4114C7BE68CF447143A715 /* GAMELIFEWatchExtension.appex */; };
/* End PBXBuildFile section */

/* Begin PBXContainerItemProxy section */
		A10100032F40000100AAA001 /* PBXContainerItemProxy */ = {
			isa = PBXContainerItemProxy;
			containerPortal = 905CB4342F34C57C00529544 /* Project object */;
			proxyType = 1;
			remoteGlobalIDString = A10100072F40000100AAA001;
			remoteInfo = GAMELIFEMonitor;
		};
		DC5A33EAD41D980CE4F968A5 /* PBXContainerItemProxy */ = {
			isa = PBXContainerItemProxy;
			containerPortal = 905CB4342F34C57C00529544 /* Project object */;
			proxyType = 1;
			remoteGlobalIDString = C68C6AF788FBEB1E56191941;
			remoteInfo = GAMELIFEWatchExtension;
		};
		E380A38287E0FE4C2309D657 /* PBXContainerItemProxy */ = {
			isa = PBXContainerItemProxy;
			containerPortal = 905CB4342F34C57C00529544 /* Project object */;
			proxyType = 1;
			remoteGlobalIDString = 3177A3B89971EE49CEC017C3;
			remoteInfo = GAMELIFEWatch;
		};
/* End PBXContainerItemProxy section */

/* Begin PBXCopyFilesBuildPhase section */
		55383A9193735878C585C2FF /* Embed App Extensions */ = {
			isa = PBXCopyFilesBuildPhase;
			buildActionMask = 2147483647;
			dstPath = "";
			dstSubfolderSpec = 13;
			files = (
				FF6ECCE8BFD4117330522751 /* GAMELIFEWatchExtension.appex in Embed App Extensions */,
			);
			name = "Embed App Extensions";
			runOnlyForDeploymentPostprocessing = 0;
		};
		A10100022F40000100AAA001 /* Embed App Extensions */ = {
			isa = PBXCopyFilesBuildPhase;
			buildActionMask = 2147483647;
			dstPath = "";
			dstSubfolderSpec = 13;
			files = (
				A10100012F40000100AAA001 /* GAMELIFEMonitor.appex in Embed App Extensions */,
			);
			name = "Embed App Extensions";
			runOnlyForDeploymentPostprocessing = 0;
		};
		EC0E6DE38B2E4C4C3BAD3E2D /* Embed Watch Content */ = {
			isa = PBXCopyFilesBuildPhase;
			buildActionMask = 2147483647;
			dstPath = "";
			dstSubfolderSpec = 16;
			files = (
				AB1695F05151FB17AFE37D97 /* GAMELIFEWatch.app in Embed Watch Content */,
			);
			name = "Embed Watch Content";
			runOnlyForDeploymentPostprocessing = 0;
		};
/* End PBXCopyFilesBuildPhase section */

/* Begin PBXFileReference section */
		166D49849B9201D2A5F8778A /* GAMELIFEWatchApp.swift */ = {isa = PBXFileReference; includeInIndex = 1; lastKnownFileType = sourcecode.swift; path = GAMELIFEWatchApp.swift; sourceTree = "<group>"; };
		22EA2DF30689AB7F79973A98 /* Info.plist */ = {isa = PBXFileReference; includeInIndex = 1; lastKnownFileType = text.plist.xml; path = Info.plist; sourceTree = "<group>"; };
		2C4114C7BE68CF447143A715 /* GAMELIFEWatchExtension.appex */ = {isa = PBXFileReference; explicitFileType = "wrapper.app-extension"; includeInIndex = 0; path = GAMELIFEWatchExtension.appex; sourceTree = BUILT_PRODUCTS_DIR; };
		4554B4F3748B7C63FA977123 /* GAMELIFEWatch.app */ = {isa = PBXFileReference; explicitFileType = wrapper.application; includeInIndex = 0; path = GAMELIFEWatch.app; sourceTree = BUILT_PRODUCTS_DIR; };
		612AE2337ECB400F77B54871 /* Info.plist */ = {isa = PBXFileReference; includeInIndex = 1; lastKnownFileType = text.plist.xml; path = Info.plist; sourceTree = "<group>"; };
		64706157F1BF5F3F4DD49D82 /* WatchHomeView.swift */ = {isa = PBXFileReference; includeInIndex = 1; lastKnownFileType = sourcecode.swift; path = WatchHomeView.swift; sourceTree = "<group>"; };
		7A9B8E40ABBAB0723F9384FC /* WatchSessionStore.swift */ = {isa = PBXFileReference; includeInIndex = 1; lastKnownFileType = sourcecode.swift; path = WatchSessionStore.swift; sourceTree = "<group>"; };
		905CB43C2F34C57C00529544 /* GAMELIFE.app */ = {isa = PBXFileReference; explicitFileType = wrapper.application; includeInIndex = 0; path = GAMELIFE.app; sourceTree = BUILT_PRODUCTS_DIR; };
		A10100042F40000100AAA001 /* GAMELIFEMonitor.appex */ = {isa = PBXFileReference; explicitFileType = "wrapper.app-extension"; includeInIndex = 0; path = GAMELIFEMonitor.appex; sourceTree = BUILT_PRODUCTS_DIR; };
/* End PBXFileReference section */

/* Begin PBXFileSystemSynchronizedRootGroup section */
		905CB43E2F34C57C00529544 /* GAMELIFE */ = {
			isa = PBXFileSystemSynchronizedRootGroup;
			path = GAMELIFE;
			sourceTree = "<group>";
		};
		A10100052F40000100AAA001 /* GAMELIFEMonitor */ = {
			isa = PBXFileSystemSynchronizedRootGroup;
			path = GAMELIFEMonitor;
			sourceTree = "<group>";
		};
/* End PBXFileSystemSynchronizedRootGroup section */

/* Begin PBXFrameworksBuildPhase section */
		905CB4392F34C57C00529544 /* Frameworks */ = {
			isa = PBXFrameworksBuildPhase;
			buildActionMask = 2147483647;
			files = (
			);
			runOnlyForDeploymentPostprocessing = 0;
		};
		A10100062F40000100AAA001 /* Frameworks */ = {
			isa = PBXFrameworksBuildPhase;
			buildActionMask = 2147483647;
			files = (
			);
			runOnlyForDeploymentPostprocessing = 0;
		};
		B43F650BF85C5842768DDF2D /* Frameworks */ = {
			isa = PBXFrameworksBuildPhase;
			buildActionMask = 2147483647;
			files = (
			);
			runOnlyForDeploymentPostprocessing = 0;
		};
		FE0D889473B15F6AC3AABC45 /* Frameworks */ = {
			isa = PBXFrameworksBuildPhase;
			buildActionMask = 2147483647;
			files = (
			);
			runOnlyForDeploymentPostprocessing = 0;
		};
/* End PBXFrameworksBuildPhase section */

/* Begin PBXGroup section */
		709D3ADA9AD70CC12F579DE6 /* GAMELIFEWatch */ = {
			isa = PBXGroup;
			children = (
				22EA2DF30689AB7F79973A98 /* Info.plist */,
			);
			path = GAMELIFEWatch;
			sourceTree = "<group>";
		};
		83ED618BD8EDDEE884F42092 /* GAMELIFEWatchExtension */ = {
			isa = PBXGroup;
			children = (
				612AE2337ECB400F77B54871 /* Info.plist */,
				166D49849B9201D2A5F8778A /* GAMELIFEWatchApp.swift */,
				7A9B8E40ABBAB0723F9384FC /* WatchSessionStore.swift */,
				64706157F1BF5F3F4DD49D82 /* WatchHomeView.swift */,
			);
			path = GAMELIFEWatchExtension;
			sourceTree = "<group>";
		};
		905CB4332F34C57C00529544 = {
			isa = PBXGroup;
			children = (
				905CB43E2F34C57C00529544 /* GAMELIFE */,
				A10100052F40000100AAA001 /* GAMELIFEMonitor */,
				905CB43D2F34C57C00529544 /* Products */,
				709D3ADA9AD70CC12F579DE6 /* GAMELIFEWatch */,
				83ED618BD8EDDEE884F42092 /* GAMELIFEWatchExtension */,
			);
			sourceTree = "<group>";
		};
		905CB43D2F34C57C00529544 /* Products */ = {
			isa = PBXGroup;
			children = (
				905CB43C2F34C57C00529544 /* GAMELIFE.app */,
				A10100042F40000100AAA001 /* GAMELIFEMonitor.appex */,
				4554B4F3748B7C63FA977123 /* GAMELIFEWatch.app */,
				2C4114C7BE68CF447143A715 /* GAMELIFEWatchExtension.appex */,
			);
			name = Products;
			sourceTree = "<group>";
		};
/* End PBXGroup section */

/* Begin PBXNativeTarget section */
		3177A3B89971EE49CEC017C3 /* GAMELIFEWatch */ = {
			isa = PBXNativeTarget;
			buildConfigurationList = 3A23626653595090DA9884C1 /* Build configuration list for PBXNativeTarget "GAMELIFEWatch" */;
			buildPhases = (
				6F6B9228724377915484144D /* Sources */,
				B43F650BF85C5842768DDF2D /* Frameworks */,
				2FDBEDEDCD920C5B320DC1ED /* Resources */,
				55383A9193735878C585C2FF /* Embed App Extensions */,
			);
			buildRules = (
			);
			dependencies = (
				ABE9B4BF61CD75F00D2706F6 /* PBXTargetDependency */,
			);
			name = GAMELIFEWatch;
			productName = GAMELIFEWatch;
			productReference = 4554B4F3748B7C63FA977123 /* GAMELIFEWatch.app */;
			productType = "com.apple.product-type.application.watchapp2";
		};
		905CB43B2F34C57C00529544 /* GAMELIFE */ = {
			isa = PBXNativeTarget;
			buildConfigurationList = 905CB4472F34C57D00529544 /* Build configuration list for PBXNativeTarget "GAMELIFE" */;
			buildPhases = (
				905CB4382F34C57C00529544 /* Sources */,
				905CB4392F34C57C00529544 /* Frameworks */,
				905CB43A2F34C57C00529544 /* Resources */,
				A10100022F40000100AAA001 /* Embed App Extensions */,
				EC0E6DE38B2E4C4C3BAD3E2D /* Embed Watch Content */,
			);
			buildRules = (
			);
			dependencies = (
				A101000A2F40000100AAA001 /* PBXTargetDependency */,
				6A14BDE3680354672EFBBBF9 /* PBXTargetDependency */,
			);
			fileSystemSynchronizedGroups = (
				905CB43E2F34C57C00529544 /* GAMELIFE */,
			);
			name = GAMELIFE;
			productName = GAMELIFE;
			productReference = 905CB43C2F34C57C00529544 /* GAMELIFE.app */;
			productType = "com.apple.product-type.application";
		};
		A10100072F40000100AAA001 /* GAMELIFEMonitor */ = {
			isa = PBXNativeTarget;
			buildConfigurationList = A101000D2F40000100AAA001 /* Build configuration list for PBXNativeTarget "GAMELIFEMonitor" */;
			buildPhases = (
				A10100092F40000100AAA001 /* Sources */,
				A10100062F40000100AAA001 /* Frameworks */,
				A10100082F40000100AAA001 /* Resources */,
			);
			buildRules = (
			);
			dependencies = (
			);
			fileSystemSynchronizedGroups = (
				A10100052F40000100AAA001 /* GAMELIFEMonitor */,
			);
			name = GAMELIFEMonitor;
			productName = GAMELIFEMonitor;
			productReference = A10100042F40000100AAA001 /* GAMELIFEMonitor.appex */;
			productType = "com.apple.product-type.app-extension";
		};
		C68C6AF788FBEB1E56191941 /* GAMELIFEWatchExtension */ = {
			isa = PBXNativeTarget;
			buildConfigurationList = F68D12671EAB3C6EDE7D8CAC /* Build configuration list for PBXNativeTarget "GAMELIFEWatchExtension" */;
			buildPhases = (
				430D6C83BF18B3C41936DE17 /* Sources */,
				FE0D889473B15F6AC3AABC45 /* Frameworks */,
				0490BC9A2BF19E7E55A85681 /* Resources */,
			);
			buildRules = (
			);
			dependencies = (
			);
			name = GAMELIFEWatchExtension;
			productName = GAMELIFEWatchExtension;
			productReference = 2C4114C7BE68CF447143A715 /* GAMELIFEWatchExtension.appex */;
			productType = "com.apple.product-type.watchkit2-extension";
		};
/* End PBXNativeTarget section */

/* Begin PBXProject section */
		905CB4342F34C57C00529544 /* Project object */ = {
			isa = PBXProject;
			attributes = {
				BuildIndependentTargetsInParallel = 1;
				LastSwiftUpdateCheck = 2620;
				LastUpgradeCheck = 2620;
				TargetAttributes = {
					905CB43B2F34C57C00529544 = {
						CreatedOnToolsVersion = 26.2;
					};
					A10100072F40000100AAA001 = {
						CreatedOnToolsVersion = 26.2;
					};
				};
			};
			buildConfigurationList = 905CB4372F34C57C00529544 /* Build configuration list for PBXProject "GAMELIFE" */;
			developmentRegion = en;
			hasScannedForEncodings = 0;
			knownRegions = (
				en,
				Base,
			);
			mainGroup = 905CB4332F34C57C00529544;
			minimizedProjectReferenceProxies = 1;
			preferredProjectObjectVersion = 77;
			productRefGroup = 905CB43D2F34C57C00529544 /* Products */;
			projectDirPath = "";
			projectRoot = "";
			targets = (
				905CB43B2F34C57C00529544 /* GAMELIFE */,
				A10100072F40000100AAA001 /* GAMELIFEMonitor */,
				3177A3B89971EE49CEC017C3 /* GAMELIFEWatch */,
				C68C6AF788FBEB1E56191941 /* GAMELIFEWatchExtension */,
			);
		};
/* End PBXProject section */

/* Begin PBXResourcesBuildPhase section */
		0490BC9A2BF19E7E55A85681 /* Resources */ = {
			isa = PBXResourcesBuildPhase;
			buildActionMask = 2147483647;
			files = (
			);
			runOnlyForDeploymentPostprocessing = 0;
		};
		2FDBEDEDCD920C5B320DC1ED /* Resources */ = {
			isa = PBXResourcesBuildPhase;
			buildActionMask = 2147483647;
			files = (
			);
			runOnlyForDeploymentPostprocessing = 0;
		};
		905CB43A2F34C57C00529544 /* Resources */ = {
			isa = PBXResourcesBuildPhase;
			buildActionMask = 2147483647;
			files = (
			);
			runOnlyForDeploymentPostprocessing = 0;
		};
		A10100082F40000100AAA001 /* Resources */ = {
			isa = PBXResourcesBuildPhase;
			buildActionMask = 2147483647;
			files = (
			);
			runOnlyForDeploymentPostprocessing = 0;
		};
/* End PBXResourcesBuildPhase section */

/* Begin PBXSourcesBuildPhase section */
		430D6C83BF18B3C41936DE17 /* Sources */ = {
			isa = PBXSourcesBuildPhase;
			buildActionMask = 2147483647;
			files = (
				1D8C5A2462631A368F685064 /* GAMELIFEWatchApp.swift in Sources */,
				2B2F3153CB0325C96EA60A0B /* WatchSessionStore.swift in Sources */,
				EF76F2E616344C50124C36EA /* WatchHomeView.swift in Sources */,
			);
			runOnlyForDeploymentPostprocessing = 0;
		};
		6F6B9228724377915484144D /* Sources */ = {
			isa = PBXSourcesBuildPhase;
			buildActionMask = 2147483647;
			files = (
			);
			runOnlyForDeploymentPostprocessing = 0;
		};
		905CB4382F34C57C00529544 /* Sources */ = {
			isa = PBXSourcesBuildPhase;
			buildActionMask = 2147483647;
			files = (
			);
			runOnlyForDeploymentPostprocessing = 0;
		};
		A10100092F40000100AAA001 /* Sources */ = {
			isa = PBXSourcesBuildPhase;
			buildActionMask = 2147483647;
			files = (
			);
			runOnlyForDeploymentPostprocessing = 0;
		};
/* End PBXSourcesBuildPhase section */

/* Begin PBXTargetDependency section */
		6A14BDE3680354672EFBBBF9 /* PBXTargetDependency */ = {
			isa = PBXTargetDependency;
			name = GAMELIFEWatch;
			target = 3177A3B89971EE49CEC017C3 /* GAMELIFEWatch */;
			targetProxy = E380A38287E0FE4C2309D657 /* PBXContainerItemProxy */;
		};
		A101000A2F40000100AAA001 /* PBXTargetDependency */ = {
			isa = PBXTargetDependency;
			target = A10100072F40000100AAA001 /* GAMELIFEMonitor */;
			targetProxy = A10100032F40000100AAA001 /* PBXContainerItemProxy */;
		};
		ABE9B4BF61CD75F00D2706F6 /* PBXTargetDependency */ = {
			isa = PBXTargetDependency;
			name = GAMELIFEWatchExtension;
			target = C68C6AF788FBEB1E56191941 /* GAMELIFEWatchExtension */;
			targetProxy = DC5A33EAD41D980CE4F968A5 /* PBXContainerItemProxy */;
		};
/* End PBXTargetDependency section */

/* Begin XCBuildConfiguration section */
		0DF1FA53FB23DB27000EFD9C /* Debug */ = {
			isa = XCBuildConfiguration;
			buildSettings = {
				APPLICATION_EXTENSION_API_ONLY = YES;
				CODE_SIGN_STYLE = Automatic;
				CURRENT_PROJECT_VERSION = 1.65;
				DEVELOPMENT_TEAM = 3LZ2R96K44;
				GENERATE_INFOPLIST_FILE = NO;
				INFOPLIST_FILE = GAMELIFEWatchExtension/Info.plist;
				LD_RUNPATH_SEARCH_PATHS = (
					"$(inherited)",
					"@executable_path/Frameworks",
					"@executable_path/../../Frameworks",
				);
				MARKETING_VERSION = 1.65;
				PRODUCT_BUNDLE_IDENTIFIER = marcshaw.GAMELIFE.watchkitapp.watchkitextension;
				PRODUCT_NAME = "$(TARGET_NAME)";
				SDKROOT = watchos;
				SKIP_INSTALL = YES;
				SWIFT_VERSION = 5.0;
				TARGETED_DEVICE_FAMILY = 4;
				WATCHOS_DEPLOYMENT_TARGET = 10.0;
			};
			name = Debug;
		};
		32C913909064358F1900186F /* Release */ = {
			isa = XCBuildConfiguration;
			buildSettings = {
				CODE_SIGN_STYLE = Automatic;
				CURRENT_PROJECT_VERSION = 1.65;
				DEVELOPMENT_TEAM = 3LZ2R96K44;
				GENERATE_INFOPLIST_FILE = NO;
				INFOPLIST_FILE = GAMELIFEWatch/Info.plist;
				LD_RUNPATH_SEARCH_PATHS = (
					"$(inherited)",
					"@executable_path/Frameworks",
				);
				MARKETING_VERSION = 1.65;
				PRODUCT_BUNDLE_IDENTIFIER = marcshaw.GAMELIFE.watchkitapp;
				PRODUCT_NAME = "$(TARGET_NAME)";
				SDKROOT = watchos;
				SKIP_INSTALL = YES;
				SWIFT_VERSION = 5.0;
				TARGETED_DEVICE_FAMILY = 4;
				VALIDATE_PRODUCT = YES;
				WATCHOS_DEPLOYMENT_TARGET = 10.0;
			};
			name = Release;
		};
		3506AE92539435D8580C2E08 /* Release */ = {
			isa = XCBuildConfiguration;
			buildSettings = {
				APPLICATION_EXTENSION_API_ONLY = YES;
				CODE_SIGN_STYLE = Automatic;
				CURRENT_PROJECT_VERSION = 1.65;
				DEVELOPMENT_TEAM = 3LZ2R96K44;
				GENERATE_INFOPLIST_FILE = NO;
				INFOPLIST_FILE = GAMELIFEWatchExtension/Info.plist;
				LD_RUNPATH_SEARCH_PATHS = (
					"$(inherited)",
					"@executable_path/Frameworks",
					"@executable_path/../../Frameworks",
				);
				MARKETING_VERSION = 1.65;
				PRODUCT_BUNDLE_IDENTIFIER = marcshaw.GAMELIFE.watchkitapp.watchkitextension;
				PRODUCT_NAME = "$(TARGET_NAME)";
				SDKROOT = watchos;
				SKIP_INSTALL = YES;
				SWIFT_VERSION = 5.0;
				TARGETED_DEVICE_FAMILY = 4;
				VALIDATE_PRODUCT = YES;
				WATCHOS_DEPLOYMENT_TARGET = 10.0;
			};
			name = Release;
		};
		905CB4452F34C57D00529544 /* Debug */ = {
			isa = XCBuildConfiguration;
			buildSettings = {
				ALWAYS_SEARCH_USER_PATHS = NO;
				ASSETCATALOG_COMPILER_GENERATE_SWIFT_ASSET_SYMBOL_EXTENSIONS = YES;
				CLANG_ANALYZER_NONNULL = YES;
				CLANG_ANALYZER_NUMBER_OBJECT_CONVERSION = YES_AGGRESSIVE;
				CLANG_CXX_LANGUAGE_STANDARD = "gnu++20";
				CLANG_ENABLE_MODULES = YES;
				CLANG_ENABLE_OBJC_ARC = YES;
				CLANG_ENABLE_OBJC_WEAK = YES;
				CLANG_WARN_BLOCK_CAPTURE_AUTORELEASING = YES;
				CLANG_WARN_BOOL_CONVERSION = YES;
				CLANG_WARN_COMMA = YES;
				CLANG_WARN_CONSTANT_CONVERSION = YES;
				CLANG_WARN_DEPRECATED_OBJC_IMPLEMENTATIONS = YES;
				CLANG_WARN_DIRECT_OBJC_ISA_USAGE = YES_ERROR;
				CLANG_WARN_DOCUMENTATION_COMMENTS = YES;
				CLANG_WARN_EMPTY_BODY = YES;
				CLANG_WARN_ENUM_CONVERSION = YES;
				CLANG_WARN_INFINITE_RECURSION = YES;
				CLANG_WARN_INT_CONVERSION = YES;
				CLANG_WARN_NON_LITERAL_NULL_CONVERSION = YES;
				CLANG_WARN_OBJC_IMPLICIT_RETAIN_SELF = YES;
				CLANG_WARN_OBJC_LITERAL_CONVERSION = YES;
				CLANG_WARN_OBJC_ROOT_CLASS = YES_ERROR;
				CLANG_WARN_QUOTED_INCLUDE_IN_FRAMEWORK_HEADER = YES;
				CLANG_WARN_RANGE_LOOP_ANALYSIS = YES;
				CLANG_WARN_STRICT_PROTOTYPES = YES;
				CLANG_WARN_SUSPICIOUS_MOVE = YES;
				CLANG_WARN_UNGUARDED_AVAILABILITY = YES_AGGRESSIVE;
				CLANG_WARN_UNREACHABLE_CODE = YES;
				CLANG_WARN__DUPLICATE_METHOD_MATCH = YES;
				COPY_PHASE_STRIP = NO;
				DEBUG_INFORMATION_FORMAT = dwarf;
				ENABLE_STRICT_OBJC_MSGSEND = YES;
				ENABLE_TESTABILITY = YES;
				ENABLE_USER_SCRIPT_SANDBOXING = YES;
				GCC_C_LANGUAGE_STANDARD = gnu17;
				GCC_DYNAMIC_NO_PIC = NO;
				GCC_NO_COMMON_BLOCKS = YES;
				GCC_OPTIMIZATION_LEVEL = 0;
				GCC_PREPROCESSOR_DEFINITIONS = (
					"DEBUG=1",
					"$(inherited)",
				);
				GCC_WARN_64_TO_32_BIT_CONVERSION = YES;
				GCC_WARN_ABOUT_RETURN_TYPE = YES_ERROR;
				GCC_WARN_UNDECLARED_SELECTOR = YES;
				GCC_WARN_UNINITIALIZED_AUTOS = YES_AGGRESSIVE;
				GCC_WARN_UNUSED_FUNCTION = YES;
				GCC_WARN_UNUSED_VARIABLE = YES;
				IPHONEOS_DEPLOYMENT_TARGET = 26.0;
				LOCALIZATION_PREFERS_STRING_CATALOGS = YES;
				MTL_ENABLE_DEBUG_INFO = INCLUDE_SOURCE;
				MTL_FAST_MATH = YES;
				ONLY_ACTIVE_ARCH = YES;
				SDKROOT = iphoneos;
				SWIFT_ACTIVE_COMPILATION_CONDITIONS = "DEBUG $(inherited)";
				SWIFT_OPTIMIZATION_LEVEL = "-Onone";
			};
			name = Debug;
		};
		905CB4462F34C57D00529544 /* Release */ = {
			isa = XCBuildConfiguration;
			buildSettings = {
				ALWAYS_SEARCH_USER_PATHS = NO;
				ASSETCATALOG_COMPILER_GENERATE_SWIFT_ASSET_SYMBOL_EXTENSIONS = YES;
				CLANG_ANALYZER_NONNULL = YES;
				CLANG_ANALYZER_NUMBER_OBJECT_CONVERSION = YES_AGGRESSIVE;
				CLANG_CXX_LANGUAGE_STANDARD = "gnu++20";
				CLANG_ENABLE_MODULES = YES;
				CLANG_ENABLE_OBJC_ARC = YES;
				CLANG_ENABLE_OBJC_WEAK = YES;
				CLANG_WARN_BLOCK_CAPTURE_AUTORELEASING = YES;
				CLANG_WARN_BOOL_CONVERSION = YES;
				CLANG_WARN_COMMA = YES;
				CLANG_WARN_CONSTANT_CONVERSION = YES;
				CLANG_WARN_DEPRECATED_OBJC_IMPLEMENTATIONS = YES;
				CLANG_WARN_DIRECT_OBJC_ISA_USAGE = YES_ERROR;
				CLANG_WARN_DOCUMENTATION_COMMENTS = YES;
				CLANG_WARN_EMPTY_BODY = YES;
				CLANG_WARN_ENUM_CONVERSION = YES;
				CLANG_WARN_INFINITE_RECURSION = YES;
				CLANG_WARN_INT_CONVERSION = YES;
				CLANG_WARN_NON_LITERAL_NULL_CONVERSION = YES;
				CLANG_WARN_OBJC_IMPLICIT_RETAIN_SELF = YES;
				CLANG_WARN_OBJC_LITERAL_CONVERSION = YES;
				CLANG_WARN_OBJC_ROOT_CLASS = YES_ERROR;
				CLANG_WARN_QUOTED_INCLUDE_IN_FRAMEWORK_HEADER = YES;
				CLANG_WARN_RANGE_LOOP_ANALYSIS = YES;
				CLANG_WARN_STRICT_PROTOTYPES = YES;
				CLANG_WARN_SUSPICIOUS_MOVE = YES;
				CLANG_WARN_UNGUARDED_AVAILABILITY = YES_AGGRESSIVE;
				CLANG_WARN_UNREACHABLE_CODE = YES;
				CLANG_WARN__DUPLICATE_METHOD_MATCH = YES;
				COPY_PHASE_STRIP = NO;
				DEBUG_INFORMATION_FORMAT = "dwarf-with-dsym";
				ENABLE_NS_ASSERTIONS = NO;
				ENABLE_STRICT_OBJC_MSGSEND = YES;
				ENABLE_USER_SCRIPT_SANDBOXING = YES;
				GCC_C_LANGUAGE_STANDARD = gnu17;
				GCC_NO_COMMON_BLOCKS = YES;
				GCC_WARN_64_TO_32_BIT_CONVERSION = YES;
				GCC_WARN_ABOUT_RETURN_TYPE = YES_ERROR;
				GCC_WARN_UNDECLARED_SELECTOR = YES;
				GCC_WARN_UNINITIALIZED_AUTOS = YES_AGGRESSIVE;
				GCC_WARN_UNUSED_FUNCTION = YES;
				GCC_WARN_UNUSED_VARIABLE = YES;
				IPHONEOS_DEPLOYMENT_TARGET = 26.0;
				LOCALIZATION_PREFERS_STRING_CATALOGS = YES;
				MTL_ENABLE_DEBUG_INFO = NO;
				MTL_FAST_MATH = YES;
				SDKROOT = iphoneos;
				SWIFT_COMPILATION_MODE = wholemodule;
				VALIDATE_PRODUCT = YES;
			};
			name = Release;
		};
		905CB4482F34C57D00529544 /* Debug */ = {
			isa = XCBuildConfiguration;
			buildSettings = {
				ASSETCATALOG_COMPILER_APPICON_NAME = AppIcon;
				ASSETCATALOG_COMPILER_GLOBAL_ACCENT_COLOR_NAME = AccentColor;
				ASSETCATALOG_COMPILER_INCLUDE_ALL_APPICON_ASSETS = NO;
				CODE_SIGN_ENTITLEMENTS = GAMELIFE/GAMELIFE.entitlements;
				CODE_SIGN_IDENTITY = "Apple Development";
				CODE_SIGN_STYLE = Automatic;
				CURRENT_PROJECT_VERSION = 1.65;
				DEVELOPMENT_TEAM = 3LZ2R96K44;
				ENABLE_PREVIEWS = YES;
				GENERATE_INFOPLIST_FILE = YES;
				INFOPLIST_KEY_ITSAppUsesNonExemptEncryption = NO;
				INFOPLIST_KEY_NSHealthClinicalHealthRecordsShareUsageDescription = "GAMELIFE reads Health data like steps, active energy, and exercise minutes to automatically track quest progress.";
				INFOPLIST_KEY_NSHealthShareUsageDescription = "GAMELIFE reads Health data like steps, active energy, and exercise minutes to automatically track quest progress.";
				INFOPLIST_KEY_NSHealthUpdateUsageDescription = "GAMELIFE can write workout-related progress to Health only when you choose features that require it.";
				INFOPLIST_KEY_NSLocationAlwaysAndWhenInUseUsageDescription = "GAMELIFE uses your location to support location-based quests and visit tracking.";
				INFOPLIST_KEY_NSLocationWhenInUseUsageDescription = "GAMELIFE uses your location while the app is open to support location-based quests.";
				INFOPLIST_KEY_UIApplicationSceneManifest_Generation = YES;
				INFOPLIST_KEY_UIApplicationSupportsIndirectInputEvents = YES;
				INFOPLIST_KEY_UILaunchScreen_Generation = YES;
				INFOPLIST_KEY_UISupportedInterfaceOrientations = UIInterfaceOrientationPortrait;
				INFOPLIST_KEY_UISupportedInterfaceOrientations_iPad = "UIInterfaceOrientationLandscapeLeft UIInterfaceOrientationLandscapeRight UIInterfaceOrientationPortrait UIInterfaceOrientationPortraitUpsideDown";
				IPHONEOS_DEPLOYMENT_TARGET = 17.0;
				LD_RUNPATH_SEARCH_PATHS = (
					"$(inherited)",
					"@executable_path/Frameworks",
				);
				MARKETING_VERSION = 1.65;
				PRODUCT_BUNDLE_IDENTIFIER = marcshaw.GAMELIFE;
				PRODUCT_NAME = "$(TARGET_NAME)";
				PROVISIONING_PROFILE_SPECIFIER = "";
				STRING_CATALOG_GENERATE_SYMBOLS = YES;
				SUPPORTED_PLATFORMS = "iphoneos iphonesimulator";
				SUPPORTS_MACCATALYST = NO;
				SUPPORTS_MAC_DESIGNED_FOR_IPHONE_IPAD = NO;
				SUPPORTS_XR_DESIGNED_FOR_IPHONE_IPAD = NO;
				SWIFT_APPROACHABLE_CONCURRENCY = YES;
				SWIFT_DEFAULT_ACTOR_ISOLATION = MainActor;
				SWIFT_EMIT_LOC_STRINGS = YES;
				SWIFT_UPCOMING_FEATURE_MEMBER_IMPORT_VISIBILITY = YES;
				SWIFT_VERSION = 5.0;
				TARGETED_DEVICE_FAMILY = 1;
			};
			name = Debug;
		};
		905CB4492F34C57D00529544 /* Release */ = {
			isa = XCBuildConfiguration;
			buildSettings = {
				ASSETCATALOG_COMPILER_APPICON_NAME = AppIcon;
				ASSETCATALOG_COMPILER_GLOBAL_ACCENT_COLOR_NAME = AccentColor;
				ASSETCATALOG_COMPILER_INCLUDE_ALL_APPICON_ASSETS = NO;
				CODE_SIGN_ENTITLEMENTS = GAMELIFE/GAMELIFE.entitlements;
				CODE_SIGN_IDENTITY = "Apple Development";
				CODE_SIGN_STYLE = Automatic;
				CURRENT_PROJECT_VERSION = 1.65;
				DEVELOPMENT_TEAM = 3LZ2R96K44;
				ENABLE_PREVIEWS = YES;
				GENERATE_INFOPLIST_FILE = YES;
				INFOPLIST_KEY_ITSAppUsesNonExemptEncryption = NO;
				INFOPLIST_KEY_NSHealthClinicalHealthRecordsShareUsageDescription = "GAMELIFE reads Health data like steps, active energy, and exercise minutes to automatically track quest progress.";
				INFOPLIST_KEY_NSHealthShareUsageDescription = "GAMELIFE reads Health data like steps, active energy, and exercise minutes to automatically track quest progress.";
				INFOPLIST_KEY_NSHealthUpdateUsageDescription = "GAMELIFE can write workout-related progress to Health only when you choose features that require it.";
				INFOPLIST_KEY_NSLocationAlwaysAndWhenInUseUsageDescription = "GAMELIFE uses your location to support location-based quests and visit tracking.";
				INFOPLIST_KEY_NSLocationWhenInUseUsageDescription = "GAMELIFE uses your location while the app is open to support location-based quests.";
				INFOPLIST_KEY_UIApplicationSceneManifest_Generation = YES;
				INFOPLIST_KEY_UIApplicationSupportsIndirectInputEvents = YES;
				INFOPLIST_KEY_UILaunchScreen_Generation = YES;
				INFOPLIST_KEY_UISupportedInterfaceOrientations = UIInterfaceOrientationPortrait;
				INFOPLIST_KEY_UISupportedInterfaceOrientations_iPad = "UIInterfaceOrientationLandscapeLeft UIInterfaceOrientationLandscapeRight UIInterfaceOrientationPortrait UIInterfaceOrientationPortraitUpsideDown";
				IPHONEOS_DEPLOYMENT_TARGET = 17.0;
				LD_RUNPATH_SEARCH_PATHS = (
					"$(inherited)",
					"@executable_path/Frameworks",
				);
				MARKETING_VERSION = 1.65;
				PRODUCT_BUNDLE_IDENTIFIER = marcshaw.GAMELIFE;
				PRODUCT_NAME = "$(TARGET_NAME)";
				PROVISIONING_PROFILE_SPECIFIER = "";
				STRING_CATALOG_GENERATE_SYMBOLS = YES;
				SUPPORTED_PLATFORMS = "iphoneos iphonesimulator";
				SUPPORTS_MACCATALYST = NO;
				SUPPORTS_MAC_DESIGNED_FOR_IPHONE_IPAD = NO;
				SUPPORTS_XR_DESIGNED_FOR_IPHONE_IPAD = NO;
				SWIFT_APPROACHABLE_CONCURRENCY = YES;
				SWIFT_DEFAULT_ACTOR_ISOLATION = MainActor;
				SWIFT_EMIT_LOC_STRINGS = YES;
				SWIFT_UPCOMING_FEATURE_MEMBER_IMPORT_VISIBILITY = YES;
				SWIFT_VERSION = 5.0;
				TARGETED_DEVICE_FAMILY = 1;
			};
			name = Release;
		};
		A101000B2F40000100AAA001 /* Debug */ = {
			isa = XCBuildConfiguration;
			buildSettings = {
				CODE_SIGN_ENTITLEMENTS = GAMELIFEMonitor/GAMELIFEMonitor.entitlements;
				CODE_SIGN_IDENTITY = "Apple Development";
				CODE_SIGN_STYLE = Automatic;
				CURRENT_PROJECT_VERSION = 1.65;
				DEVELOPMENT_TEAM = 3LZ2R96K44;
				GENERATE_INFOPLIST_FILE = NO;
				INFOPLIST_FILE = "GAMELIFEMonitor-Info.plist";
				IPHONEOS_DEPLOYMENT_TARGET = 17.0;
				LD_RUNPATH_SEARCH_PATHS = (
					"$(inherited)",
					"@executable_path/Frameworks",
					"@executable_path/../../Frameworks",
				);
				MARKETING_VERSION = 1.65;
				PRODUCT_BUNDLE_IDENTIFIER = marcshaw.GAMELIFE.GAMELIFEMonitor;
				PRODUCT_NAME = "$(TARGET_NAME)";
				SKIP_INSTALL = YES;
				SUPPORTED_PLATFORMS = "iphoneos iphonesimulator";
				SWIFT_EMIT_LOC_STRINGS = YES;
				SWIFT_VERSION = 5.0;
				TARGETED_DEVICE_FAMILY = 1;
			};
			name = Debug;
		};
		A101000C2F40000100AAA001 /* Release */ = {
			isa = XCBuildConfiguration;
			buildSettings = {
				CODE_SIGN_ENTITLEMENTS = GAMELIFEMonitor/GAMELIFEMonitor.entitlements;
				CODE_SIGN_IDENTITY = "Apple Development";
				CODE_SIGN_STYLE = Automatic;
				CURRENT_PROJECT_VERSION = 1.65;
				DEVELOPMENT_TEAM = 3LZ2R96K44;
				GENERATE_INFOPLIST_FILE = NO;
				INFOPLIST_FILE = "GAMELIFEMonitor-Info.plist";
				IPHONEOS_DEPLOYMENT_TARGET = 17.0;
				LD_RUNPATH_SEARCH_PATHS = (
					"$(inherited)",
					"@executable_path/Frameworks",
					"@executable_path/../../Frameworks",
				);
				MARKETING_VERSION = 1.65;
				PRODUCT_BUNDLE_IDENTIFIER = marcshaw.GAMELIFE.GAMELIFEMonitor;
				PRODUCT_NAME = "$(TARGET_NAME)";
				SKIP_INSTALL = YES;
				SUPPORTED_PLATFORMS = "iphoneos iphonesimulator";
				SWIFT_EMIT_LOC_STRINGS = YES;
				SWIFT_VERSION = 5.0;
				TARGETED_DEVICE_FAMILY = 1;
			};
			name = Release;
		};
		A6D8B8B3F699C1C3FDD47F77 /* Debug */ = {
			isa = XCBuildConfiguration;
			buildSettings = {
				CODE_SIGN_STYLE = Automatic;
				CURRENT_PROJECT_VERSION = 1.65;
				DEVELOPMENT_TEAM = 3LZ2R96K44;
				GENERATE_INFOPLIST_FILE = NO;
				INFOPLIST_FILE = GAMELIFEWatch/Info.plist;
				LD_RUNPATH_SEARCH_PATHS = (
					"$(inherited)",
					"@executable_path/Frameworks",
				);
				MARKETING_VERSION = 1.65;
				PRODUCT_BUNDLE_IDENTIFIER = marcshaw.GAMELIFE.watchkitapp;
				PRODUCT_NAME = "$(TARGET_NAME)";
				SDKROOT = watchos;
				SKIP_INSTALL = YES;
				SWIFT_VERSION = 5.0;
				TARGETED_DEVICE_FAMILY = 4;
				WATCHOS_DEPLOYMENT_TARGET = 10.0;
			};
			name = Debug;
		};
/* End XCBuildConfiguration section */

/* Begin XCConfigurationList section */
		3A23626653595090DA9884C1 /* Build configuration list for PBXNativeTarget "GAMELIFEWatch" */ = {
			isa = XCConfigurationList;
			buildConfigurations = (
				32C913909064358F1900186F /* Release */,
				A6D8B8B3F699C1C3FDD47F77 /* Debug */,
			);
			defaultConfigurationIsVisible = 0;
			defaultConfigurationName = Release;
		};
		905CB4372F34C57C00529544 /* Build configuration list for PBXProject "GAMELIFE" */ = {
			isa = XCConfigurationList;
			buildConfigurations = (
				905CB4452F34C57D00529544 /* Debug */,
				905CB4462F34C57D00529544 /* Release */,
			);
			defaultConfigurationIsVisible = 0;
			defaultConfigurationName = Release;
		};
		905CB4472F34C57D00529544 /* Build configuration list for PBXNativeTarget "GAMELIFE" */ = {
			isa = XCConfigurationList;
			buildConfigurations = (
				905CB4482F34C57D00529544 /* Debug */,
				905CB4492F34C57D00529544 /* Release */,
			);
			defaultConfigurationIsVisible = 0;
			defaultConfigurationName = Release;
		};
		A101000D2F40000100AAA001 /* Build configuration list for PBXNativeTarget "GAMELIFEMonitor" */ = {
			isa = XCConfigurationList;
			buildConfigurations = (
				A101000B2F40000100AAA001 /* Debug */,
				A101000C2F40000100AAA001 /* Release */,
			);
			defaultConfigurationIsVisible = 0;
			defaultConfigurationName = Release;
		};
		F68D12671EAB3C6EDE7D8CAC /* Build configuration list for PBXNativeTarget "GAMELIFEWatchExtension" */ = {
			isa = XCConfigurationList;
			buildConfigurations = (
				3506AE92539435D8580C2E08 /* Release */,
				0DF1FA53FB23DB27000EFD9C /* Debug */,
			);
			defaultConfigurationIsVisible = 0;
			defaultConfigurationName = Release;
		};
/* End XCConfigurationList section */
	};
	rootObject = 905CB4342F34C57C00529544 /* Project object */;
}
